
Microsoft Visual Studio Solution File, Format Version 12.00
# Visual Studio 14
VisualStudioVersion = 14.0.25420.1
MinimumVisualStudioVersion = 10.0.40219.1
Project("{FAE04EC0-301F-11D3-BF4B-00C04F79EFBC}") = "MenuProject", "MenuProject\MenuProject.csproj", "{40BE75FF-BDED-494B-8A98-68F391D4AA19}"
EndProject
Project("{FAE04EC0-301F-11D3-BF4B-00C04F79EFBC}") = "MenuProject.Tests", "MenuProject.Tests\MenuProject.Tests.csproj", "{60753E7E-221A-446A-9FD4-6151F58FFAE8}"
EndProject
Global
	GlobalSection(SolutionConfigurationPlatforms) = preSolution
		Debug|Any CPU = Debug|Any CPU
		Release|Any CPU = Release|Any CPU
	EndGlobalSection
	GlobalSection(ProjectConfigurationPlatforms) = postSolution
		{40BE75FF-BDED-494B-8A98-68F391D4AA19}.Debug|Any CPU.ActiveCfg = Debug|Any CPU
		{40BE75FF-BDED-494B-8A98-68F391D4AA19}.Debug|Any CPU.Build.0 = Debug|Any CPU
		{40BE75FF-BDED-494B-8A98-68F391D4AA19}.Release|Any CPU.ActiveCfg = Release|Any CPU
		{40BE75FF-BDED-494B-8A98-68F391D4AA19}.Release|Any CPU.Build.0 = Release|Any CPU
		{60753E7E-221A-446A-9FD4-6151F58FFAE8}.Debug|Any CPU.ActiveCfg = Debug|Any CPU
		{60753E7E-221A-446A-9FD4-6151F58FFAE8}.Debug|Any CPU.Build.0 = Debug|Any CPU
		{60753E7E-221A-446A-9FD4-6151F58FFAE8}.Release|Any CPU.ActiveCfg = Release|Any CPU
		{60753E7E-221A-446A-9FD4-6151F58FFAE8}.Release|Any CPU.Build.0 = Release|Any CPU
	EndGlobalSection
	GlobalSection(SolutionProperties) = preSolution
		HideSolutionNode = FALSE
	EndGlobalSection
EndGlobal
